
Microsoft Visual Studio Solution File, Format Version 12.00
# Visual Studio Version 17
VisualStudioVersion = 17.13.35818.85 d17.13
MinimumVisualStudioVersion = 10.0.40219.1
Project("{FAE04EC0-301F-11D3-BF4B-00C04F79EFBC}") = "SUMMER_LAB1", "SUMMER_LAB1\SUMMER_LAB1.csproj", "{DCE83B21-10D8-4906-BE1B-F407251BD76B}"
EndProject
Global
	GlobalSection(SolutionConfigurationPlatforms) = preSolution
		Debug|Any CPU = Debug|Any CPU
		Release|Any CPU = Release|Any CPU
	EndGlobalSection
	GlobalSection(ProjectConfigurationPlatforms) = postSolution
		{DCE83B21-10D8-4906-BE1B-F407251BD76B}.Debug|Any CPU.ActiveCfg = Debug|Any CPU
		{DCE83B21-10D8-4906-BE1B-F407251BD76B}.Debug|Any CPU.Build.0 = Debug|Any CPU
		{DCE83B21-10D8-4906-BE1B-F407251BD76B}.Release|Any CPU.ActiveCfg = Release|Any CPU
		{DCE83B21-10D8-4906-BE1B-F407251BD76B}.Release|Any CPU.Build.0 = Release|Any CPU
	EndGlobalSection
	GlobalSection(SolutionProperties) = preSolution
		HideSolutionNode = FALSE
	EndGlobalSection
	GlobalSection(ExtensibilityGlobals) = postSolution
		SolutionGuid = {66E1B96B-89AE-4677-82D9-44B81B6A80BF}
	EndGlobalSection
EndGlobal
